github.com/amitbet/vnc2video v0.0.0-20190616012314-9d50b9dab1d9 h1:vYU4bpShNx2qwirTqqnGZ2wYicExu4q2lQNP4u7xafM=
github.com/amitbet/vnc2video v0.0.0-20190616012314-9d50b9dab1d9/go.mod h1:zc4FYPGD82PqOVHtzkQiz7zHHxumVoVQ4Ij0RzvOIJQ=
github.com/icza/mjpeg v0.0.0-20170217094447-85dfbe473743/go.mod h1:Eja3x31oRrEOzl6ihhsxY23gXaTYWLP3Gwj5nMAJ7m0=
